
Microsoft Visual Studio Solution File, Format Version 10.00
# Visual Studio 2008
Project("{FAE04EC0-301F-11D3-BF4B-00C04F79EFBC}") = "NavigationWithLinqToXml", "NavigationWithLinqToXml.csproj", "{F1B338F7-9644-4057-9616-608A8957377E}"
EndProject
Global
	GlobalSection(SolutionConfigurationPlatforms) = preSolution
		Debug|Any CPU = Debug|Any CPU
		Release|Any CPU = Release|Any CPU
	EndGlobalSection
	GlobalSection(ProjectConfigurationPlatforms) = postSolution
		{F1B338F7-9644-4057-9616-608A8957377E}.Debug|Any CPU.ActiveCfg = Debug|Any CPU
		{F1B338F7-9644-4057-9616-608A8957377E}.Debug|Any CPU.Build.0 = Debug|Any CPU
		{F1B338F7-9644-4057-9616-608A8957377E}.Release|Any CPU.ActiveCfg = Release|Any CPU
		{F1B338F7-9644-4057-9616-608A8957377E}.Release|Any CPU.Build.0 = Release|Any CPU
	EndGlobalSection
	GlobalSection(SolutionProperties) = preSolution
		HideSolutionNode = FALSE
	EndGlobalSection
EndGlobal
